
Microsoft Visual Studio Solution File, Format Version 12.00
# Visual Studio Version 16
VisualStudioVersion = 16.0.31005.135
MinimumVisualStudioVersion = 10.0.40219.1
Project("{FAE04EC0-301F-11D3-BF4B-00C04F79EFBC}") = "Calculator", "Calculator\Calculator.csproj", "{3CB83EC5-ED33-439D-90B1-F348F237C7F2}"
EndProject
Global
	GlobalSection(SolutionConfigurationPlatforms) = preSolution
		Debug|Any CPU = Debug|Any CPU
		Release|Any CPU = Release|Any CPU
	EndGlobalSection
	GlobalSection(ProjectConfigurationPlatforms) = postSolution
		{3CB83EC5-ED33-439D-90B1-F348F237C7F2}.Debug|Any CPU.ActiveCfg = Debug|Any CPU
		{3CB83EC5-ED33-439D-90B1-F348F237C7F2}.Debug|Any CPU.Build.0 = Debug|Any CPU
		{3CB83EC5-ED33-439D-90B1-F348F237C7F2}.Release|Any CPU.ActiveCfg = Release|Any CPU
		{3CB83EC5-ED33-439D-90B1-F348F237C7F2}.Release|Any CPU.Build.0 = Release|Any CPU
	EndGlobalSection
	GlobalSection(SolutionProperties) = preSolution
		HideSolutionNode = FALSE
	EndGlobalSection
	GlobalSection(ExtensibilityGlobals) = postSolution
		SolutionGuid = {5EFF7D3F-D3BF-4976-B507-3D748F848661}
	EndGlobalSection
EndGlobal
